github.com/nitroshare/compare v1.0.1 h1:vnlCEflz1O/6hZ+/HYwaBJB0OG4xRX2eIX0lVb1WfC4=
github.com/nitroshare/compare v1.0.1/go.mod h1:YnsFVZura0jowTncpTZtdciU1qdP3nthsqLAc5ql5F4=
github.com/nitroshare/golist v1.0.1 h1:DqvpGvzJbRXFK769MCgxjvo80m4x+Icqi+vovpjN6OM=
github.com/nitroshare/golist v1.0.1/go.mod h1:jJhoY4v2aiz2WYKSYE6/9OxnAEm2Nz6I4ZKmM/oDJgU=
